
Microsoft Visual Studio Solution File, Format Version 12.00
# Visual Studio 15
VisualStudioVersion = 15.0.27130.0
MinimumVisualStudioVersion = 10.0.40219.1
Project("{FAE04EC0-301F-11D3-BF4B-00C04F79EFBC}") = "OlahDataAirside", "OlahDataAirside\OlahDataAirside.csproj", "{6BF65DF8-5892-4F5A-8668-2B1BC5E5C706}"
EndProject
Global
	GlobalSection(SolutionConfigurationPlatforms) = preSolution
		Debug|Any CPU = Debug|Any CPU
		Release|Any CPU = Release|Any CPU
	EndGlobalSection
	GlobalSection(ProjectConfigurationPlatforms) = postSolution
		{6BF65DF8-5892-4F5A-8668-2B1BC5E5C706}.Debug|Any CPU.ActiveCfg = Debug|Any CPU
		{6BF65DF8-5892-4F5A-8668-2B1BC5E5C706}.Debug|Any CPU.Build.0 = Debug|Any CPU
		{6BF65DF8-5892-4F5A-8668-2B1BC5E5C706}.Release|Any CPU.ActiveCfg = Release|Any CPU
		{6BF65DF8-5892-4F5A-8668-2B1BC5E5C706}.Release|Any CPU.Build.0 = Release|Any CPU
	EndGlobalSection
	GlobalSection(SolutionProperties) = preSolution
		HideSolutionNode = FALSE
	EndGlobalSection
	GlobalSection(ExtensibilityGlobals) = postSolution
		SolutionGuid = {3595D6FB-03AA-4AD2-974F-F72A85F1645C}
	EndGlobalSection
EndGlobal
